
Microsoft Visual Studio Solution File, Format Version 12.00
# Visual Studio 15
VisualStudioVersion = 15.0.27130.2036
MinimumVisualStudioVersion = 10.0.40219.1
Project("{8BC9CEB8-8B4A-11D0-8D11-00A0C91BC942}") = "ImageQuilting", "ImageQuilting\ImageQuilting.vcxproj", "{9FDA6391-AAEB-44B4-8885-F281539EAB38}"
EndProject
Project("{FAE04EC0-301F-11D3-BF4B-00C04F79EFBC}") = "ImageQuiltingTest", "ImageQuiltingTest\ImageQuiltingTest.csproj", "{A4BD9DC9-A3C4-4928-A5E8-3C440BC1E560}"
EndProject
Global
	GlobalSection(SolutionConfigurationPlatforms) = preSolution
		Debug|Any CPU = Debug|Any CPU
		Debug|x64 = Debug|x64
		Debug|x86 = Debug|x86
		Release|Any CPU = Release|Any CPU
		Release|x64 = Release|x64
		Release|x86 = Release|x86
	EndGlobalSection
	GlobalSection(ProjectConfigurationPlatforms) = postSolution
		{9FDA6391-AAEB-44B4-8885-F281539EAB38}.Debug|Any CPU.ActiveCfg = Debug|Win32
		{9FDA6391-AAEB-44B4-8885-F281539EAB38}.Debug|x64.ActiveCfg = Debug|x64
		{9FDA6391-AAEB-44B4-8885-F281539EAB38}.Debug|x64.Build.0 = Debug|x64
		{9FDA6391-AAEB-44B4-8885-F281539EAB38}.Debug|x86.ActiveCfg = Debug|Win32
		{9FDA6391-AAEB-44B4-8885-F281539EAB38}.Debug|x86.Build.0 = Debug|Win32
		{9FDA6391-AAEB-44B4-8885-F281539EAB38}.Release|Any CPU.ActiveCfg = Release|Win32
		{9FDA6391-AAEB-44B4-8885-F281539EAB38}.Release|x64.ActiveCfg = Release|x64
		{9FDA6391-AAEB-44B4-8885-F281539EAB38}.Release|x64.Build.0 = Release|x64
		{9FDA6391-AAEB-44B4-8885-F281539EAB38}.Release|x86.ActiveCfg = Release|Win32
		{9FDA6391-AAEB-44B4-8885-F281539EAB38}.Release|x86.Build.0 = Release|Win32
		{A4BD9DC9-A3C4-4928-A5E8-3C440BC1E560}.Debug|Any CPU.ActiveCfg = Debug|Any CPU
		{A4BD9DC9-A3C4-4928-A5E8-3C440BC1E560}.Debug|Any CPU.Build.0 = Debug|Any CPU
		{A4BD9DC9-A3C4-4928-A5E8-3C440BC1E560}.Debug|x64.ActiveCfg = Debug|Any CPU
		{A4BD9DC9-A3C4-4928-A5E8-3C440BC1E560}.Debug|x64.Build.0 = Debug|Any CPU
		{A4BD9DC9-A3C4-4928-A5E8-3C440BC1E560}.Debug|x86.ActiveCfg = Debug|Any CPU
		{A4BD9DC9-A3C4-4928-A5E8-3C440BC1E560}.Debug|x86.Build.0 = Debug|Any CPU
		{A4BD9DC9-A3C4-4928-A5E8-3C440BC1E560}.Release|Any CPU.ActiveCfg = Release|Any CPU
		{A4BD9DC9-A3C4-4928-A5E8-3C440BC1E560}.Release|Any CPU.Build.0 = Release|Any CPU
		{A4BD9DC9-A3C4-4928-A5E8-3C440BC1E560}.Release|x64.ActiveCfg = Release|Any CPU
		{A4BD9DC9-A3C4-4928-A5E8-3C440BC1E560}.Release|x64.Build.0 = Release|Any CPU
		{A4BD9DC9-A3C4-4928-A5E8-3C440BC1E560}.Release|x86.ActiveCfg = Release|Any CPU
		{A4BD9DC9-A3C4-4928-A5E8-3C440BC1E560}.Release|x86.Build.0 = Release|Any CPU
	EndGlobalSection
	GlobalSection(SolutionProperties) = preSolution
		HideSolutionNode = FALSE
	EndGlobalSection
	GlobalSection(ExtensibilityGlobals) = postSolution
		SolutionGuid = {F3033B45-F4C7-43D0-BF98-46A45F2F101E}
	EndGlobalSection
EndGlobal
